
Microsoft Visual Studio Solution File, Format Version 12.00
# Visual Studio Version 16
VisualStudioVersion = 16.0.31613.86
MinimumVisualStudioVersion = 10.0.40219.1
Project("{9A19103F-16F7-4668-BE54-9A1E7A4F7556}") = "KsBrowser", "KsBrowser\KsBrowser.csproj", "{4E4BA457-92F1-478A-8175-B70B04D6C7D5}"
EndProject
Project("{2150E333-8FDC-42A3-9474-1A3956D46DE8}") = "Solution Items", "Solution Items", "{92AA337C-5392-43DB-B7AF-5536DD825563}"
	ProjectSection(SolutionItems) = preProject
		.editorconfig = .editorconfig
		..\.gitignore = ..\.gitignore
		CefSharp.Wpf.NETCore.txt = CefSharp.Wpf.NETCore.txt
		..\ChangeLog.md = ..\ChangeLog.md
		..\docu\docu.txt = ..\docu\docu.txt
		..\README.md = ..\README.md
		C:\Users\Kay\.nuget\packages\cefsharp.wpf\94.4.50\Readme.txt = C:\Users\Kay\.nuget\packages\cefsharp.wpf\94.4.50\Readme.txt
	EndProjectSection
EndProject
Project("{9A19103F-16F7-4668-BE54-9A1E7A4F7556}") = "KsWare.Presentation.DocumentTabControl", "KsWare.UI.DocumentTabControl\KsWare.Presentation.DocumentTabControl.csproj", "{FA98A888-F4EF-4FA2-81C2-C0682CA3A7BF}"
EndProject
Project("{9A19103F-16F7-4668-BE54-9A1E7A4F7556}") = "KsWare.Presentation.ChromeTabControl", "KsWare.Presentation.ChromeTabControl\KsWare.Presentation.ChromeTabControl.csproj", "{5DE02B6E-37B9-408E-A228-939C307A15E0}"
EndProject
Project("{9A19103F-16F7-4668-BE54-9A1E7A4F7556}") = "ChromeTabsDemo", "ChromeTabsDemo\ChromeTabsDemo.csproj", "{E1771533-DF0E-455B-AF0E-F14EB9C87A4B}"
EndProject
Project("{9A19103F-16F7-4668-BE54-9A1E7A4F7556}") = "KsWare.Presentation.ChromeTabControl.Tests", "KsWare.Presentation.ChromeTabControl.Tests\KsWare.Presentation.ChromeTabControl.Tests.csproj", "{4343D903-57BF-44D8-9C45-FD470B3A8398}"
EndProject
Project("{FAE04EC0-301F-11D3-BF4B-00C04F79EFBC}") = "MonitorTestApp", "MonitorTestApp\MonitorTestApp.csproj", "{4FA1AEEB-AFC7-450E-965E-CE0D4C66A05C}"
EndProject
Global
	GlobalSection(SolutionConfigurationPlatforms) = preSolution
		Debug|Any CPU = Debug|Any CPU
		Release|Any CPU = Release|Any CPU
	EndGlobalSection
	GlobalSection(ProjectConfigurationPlatforms) = postSolution
		{4E4BA457-92F1-478A-8175-B70B04D6C7D5}.Debug|Any CPU.ActiveCfg = Debug|Any CPU
		{4E4BA457-92F1-478A-8175-B70B04D6C7D5}.Debug|Any CPU.Build.0 = Debug|Any CPU
		{4E4BA457-92F1-478A-8175-B70B04D6C7D5}.Release|Any CPU.ActiveCfg = Release|Any CPU
		{4E4BA457-92F1-478A-8175-B70B04D6C7D5}.Release|Any CPU.Build.0 = Release|Any CPU
		{FA98A888-F4EF-4FA2-81C2-C0682CA3A7BF}.Debug|Any CPU.ActiveCfg = Debug|Any CPU
		{FA98A888-F4EF-4FA2-81C2-C0682CA3A7BF}.Debug|Any CPU.Build.0 = Debug|Any CPU
		{FA98A888-F4EF-4FA2-81C2-C0682CA3A7BF}.Release|Any CPU.ActiveCfg = Release|Any CPU
		{FA98A888-F4EF-4FA2-81C2-C0682CA3A7BF}.Release|Any CPU.Build.0 = Release|Any CPU
		{5DE02B6E-37B9-408E-A228-939C307A15E0}.Debug|Any CPU.ActiveCfg = Debug|Any CPU
		{5DE02B6E-37B9-408E-A228-939C307A15E0}.Debug|Any CPU.Build.0 = Debug|Any CPU
		{5DE02B6E-37B9-408E-A228-939C307A15E0}.Release|Any CPU.ActiveCfg = Release|Any CPU
		{5DE02B6E-37B9-408E-A228-939C307A15E0}.Release|Any CPU.Build.0 = Release|Any CPU
		{E1771533-DF0E-455B-AF0E-F14EB9C87A4B}.Debug|Any CPU.ActiveCfg = Debug|Any CPU
		{E1771533-DF0E-455B-AF0E-F14EB9C87A4B}.Debug|Any CPU.Build.0 = Debug|Any CPU
		{E1771533-DF0E-455B-AF0E-F14EB9C87A4B}.Release|Any CPU.ActiveCfg = Release|Any CPU
		{E1771533-DF0E-455B-AF0E-F14EB9C87A4B}.Release|Any CPU.Build.0 = Release|Any CPU
		{4343D903-57BF-44D8-9C45-FD470B3A8398}.Debug|Any CPU.ActiveCfg = Debug|Any CPU
		{4343D903-57BF-44D8-9C45-FD470B3A8398}.Debug|Any CPU.Build.0 = Debug|Any CPU
		{4343D903-57BF-44D8-9C45-FD470B3A8398}.Release|Any CPU.ActiveCfg = Release|Any CPU
		{4343D903-57BF-44D8-9C45-FD470B3A8398}.Release|Any CPU.Build.0 = Release|Any CPU
		{4FA1AEEB-AFC7-450E-965E-CE0D4C66A05C}.Debug|Any CPU.ActiveCfg = Debug|Any CPU
		{4FA1AEEB-AFC7-450E-965E-CE0D4C66A05C}.Debug|Any CPU.Build.0 = Debug|Any CPU
		{4FA1AEEB-AFC7-450E-965E-CE0D4C66A05C}.Release|Any CPU.ActiveCfg = Release|Any CPU
		{4FA1AEEB-AFC7-450E-965E-CE0D4C66A05C}.Release|Any CPU.Build.0 = Release|Any CPU
	EndGlobalSection
	GlobalSection(SolutionProperties) = preSolution
		HideSolutionNode = FALSE
	EndGlobalSection
	GlobalSection(ExtensibilityGlobals) = postSolution
		SolutionGuid = {AA6ECFBA-363C-48E7-B448-3FF826454E94}
	EndGlobalSection
EndGlobal
